{
  "requires": true,
  "lockfileVersion": 1,
  "dependencies": {
    "@algolia/cache-browser-local-storage": {
      "version": "4.0.2",
      "resolved": "https://registry.npmjs.org/@algolia/cache-browser-local-storage/-/cache-browser-local-storage-4.0.2.tgz",
      "integrity": "sha512-MCRV3UcIQ4ral5tgXU5tnJbrMy4YRmB/mwz60fHitd+KCwaFPGJdj1krrQvKoQMYdtOvf14BYHgwv2K6AGNerg==",
      "requires": {
        "@algolia/cache-common": "4.0.2"
      }
    },
    "@algolia/cache-common": {
      "version": "4.0.2",
      "resolved": "https://registry.npmjs.org/@algolia/cache-common/-/cache-common-4.0.2.tgz",
      "integrity": "sha512-J0jGGTaYR0YrGjNRAzECYrY12qxIHpb3nxfCb4BZTP9h7Xs1GL52DVjX+RCuRJwZ71IeAn2lMNnAqYqrSWfWhA=="
    },
    "@algolia/cache-in-memory": {
      "version": "4.0.2",
      "resolved": "https://registry.npmjs.org/@algolia/cache-in-memory/-/cache-in-memory-4.0.2.tgz",
      "integrity": "sha512-+zkzYjtjA+v8Si+CdAjmp1Ujqjtpkrqo1WhvJu3yVN7yhlsCyjLHPYIiL6y9KeI681e2ZCXcn5u9IvFffcxvBg==",
      "requires": {
        "@algolia/cache-common": "4.0.2"
      }
    },
    "@algolia/client-account": {
      "version": "4.0.2",
      "resolved": "https://registry.npmjs.org/@algolia/client-account/-/client-account-4.0.2.tgz",
      "integrity": "sha512-sFAt9igElirswi/U0rSuwrpWx7L0aLQ1Re/WffROoceXAQydN4kQnsJ/nZAIvENAnzZjGokK4Xx3tFOKz9l2oQ==",
      "requires": {
        "@algolia/client-common": "4.0.2",
        "@algolia/client-search": "4.0.2",
        "@algolia/transporter": "4.0.2"
      }
    },
    "@algolia/client-analytics": {
      "version": "4.0.2",
      "resolved": "https://registry.npmjs.org/@algolia/client-analytics/-/client-analytics-4.0.2.tgz",
      "integrity": "sha512-wKSau8GQbIA05paEk1PV4FxZFhnV57bPhR3fIi+6a5pNbi2GHjij4gJLgGjTwFDAwHeNPZNURX99pq5dH3+tVA==",
      "requires": {
        "@algolia/client-common": "4.0.2",
        "@algolia/client-search": "4.0.2",
        "@algolia/requester-common": "4.0.2",
        "@algolia/transporter": "4.0.2"
      }
    },
    "@algolia/client-common": {
      "version": "4.0.2",
      "resolved": "https://registry.npmjs.org/@algolia/client-common/-/client-common-4.0.2.tgz",
      "integrity": "sha512-N7YIlSC1P+lztESjXhPt5hPxf+fdCj6mhJtpYwkaGUpFZY2TjJlc09evPNTYq3f7cTBYtG9yTMLcDhcwkf9V+g==",
      "requires": {
        "@algolia/requester-common": "4.0.2",
        "@algolia/transporter": "4.0.2"
      }
    },
    "@algolia/client-recommendation": {
      "version": "4.0.2",
      "resolved": "https://registry.npmjs.org/@algolia/client-recommendation/-/client-recommendation-4.0.2.tgz",
      "integrity": "sha512-R+IEYw5PuFRmT8IFt+wHIefc7h7jRCJ33GJdcrM6ygorHa8sA+K9ljsVl/BuaZcXYLh3e1ztHpQUqokFXwsgvw==",
      "requires": {
        "@algolia/client-common": "4.0.2",
        "@algolia/requester-common": "4.0.2",
        "@algolia/transporter": "4.0.2"
      }
    },
    "@algolia/client-search": {
      "version": "4.0.2",
      "resolved": "https://registry.npmjs.org/@algolia/client-search/-/client-search-4.0.2.tgz",
      "integrity": "sha512-PsThe096a1VavTR75jjek1dMqBxlhehPsgyUM4OQXMhTbKAjIsOjS4exb53RJ3CXlifI5ux0StDNYCC47dLZ4Q==",
      "requires": {
        "@algolia/client-common": "4.0.2",
        "@algolia/requester-common": "4.0.2",
        "@algolia/transporter": "4.0.2"
      }
    },
    "@algolia/logger-common": {
      "version": "4.0.2",
      "resolved": "https://registry.npmjs.org/@algolia/logger-common/-/logger-common-4.0.2.tgz",
      "integrity": "sha512-yj3z/F1Rvk1wGB4N4FDhF86dqwJuiHcS/0Jb1cnXWfVDa/PoumaV7GU+khRlZrSeUbOP9npaMjb8ZtX7KafpaQ=="
    },
    "@algolia/logger-console": {
      "version": "4.0.2",
      "resolved": "https://registry.npmjs.org/@algolia/logger-console/-/logger-console-4.0.2.tgz",
      "integrity": "sha512-N3CnYv+9y4ySIgQQW0ZQjbmct8BlLZNISCmRmoWqPhLDS/n7x/uZry4pDpG8CbQRGzSJrMPkfBfGDcq6jdizLg==",
      "requires": {
        "@algolia/logger-common": "4.0.2"
      }
    },
    "@algolia/requester-browser-xhr": {
      "version": "4.0.2",
      "resolved": "https://registry.npmjs.org/@algolia/requester-browser-xhr/-/requester-browser-xhr-4.0.2.tgz",
      "integrity": "sha512-qfvJfSfsKBm8fYJh5bOlU64p2GwRa+rUHjWvE3vsBXlT//RA5wQHLRBynEufn4dO5Smbr9hTn394zxeFa3f3dw==",
      "requires": {
        "@algolia/requester-common": "4.0.2"
      }
    },
    "@algolia/requester-common": {
      "version": "4.0.2",
      "resolved": "https://registry.npmjs.org/@algolia/requester-common/-/requester-common-4.0.2.tgz",
      "integrity": "sha512-0r8AJfgABLQjYeO3BLjUxhmTvUw1p/xVitK3Vhgcnx3tDHPaNVcFyjrmQpKKJuztVxj2tM9DVvsGfrz07Jn8Tg=="
    },
    "@algolia/requester-node-http": {
      "version": "4.0.2",
      "resolved": "https://registry.npmjs.org/@algolia/requester-node-http/-/requester-node-http-4.0.2.tgz",
      "integrity": "sha512-ZsZJPhtRHy9x88qdV7fgB+cfooEnKks1Q9ENDnvl2S3KSWFeA2NfJvWIfSiWZuEz8RcRtKC7FYdkFOJAn4mo1g==",
      "requires": {
        "@algolia/requester-common": "4.0.2"
      }
    },
    "@algolia/transporter": {
      "version": "4.0.2",
      "resolved": "https://registry.npmjs.org/@algolia/transporter/-/transporter-4.0.2.tgz",
      "integrity": "sha512-y5kS/QbSik1u2f/fxV3K2DsP7voIaYhNyxw3xtU6BjO768jPWzBayWHSg+a11xlpsxQRRht5yCoUxo27WjY+GQ==",
      "requires": {
        "@algolia/cache-common": "4.0.2",
        "@algolia/logger-common": "4.0.2",
        "@algolia/requester-common": "4.0.2"
      }
    },
    "algoliasearch": {
      "version": "4.0.2",
      "resolved": "https://registry.npmjs.org/algoliasearch/-/algoliasearch-4.0.2.tgz",
      "integrity": "sha512-SYoXI1Bhwx2xcI0p4L/YR9M2BubXno6pCKh+2gfwWfSFFup1O8Az0b1nmx9tXtWX94CMc8TDBUWAHXkAXUAtCg==",
      "requires": {
        "@algolia/cache-browser-local-storage": "4.0.2",
        "@algolia/cache-common": "4.0.2",
        "@algolia/cache-in-memory": "4.0.2",
        "@algolia/client-account": "4.0.2",
        "@algolia/client-analytics": "4.0.2",
        "@algolia/client-common": "4.0.2",
        "@algolia/client-recommendation": "4.0.2",
        "@algolia/client-search": "4.0.2",
        "@algolia/logger-common": "4.0.2",
        "@algolia/logger-console": "4.0.2",
        "@algolia/requester-browser-xhr": "4.0.2",
        "@algolia/requester-common": "4.0.2",
        "@algolia/requester-node-http": "4.0.2",
        "@algolia/transporter": "4.0.2"
      }
    },
    "ngx-spinner": {
      "version": "8.1.0",
      "resolved": "https://registry.npmjs.org/ngx-spinner/-/ngx-spinner-8.1.0.tgz",
      "integrity": "sha512-VtIcKsxe+cNj9zCelNesSJZ/xarjxKL86GQG9h4JM++/Hf7HUJtPDBWXZ6lBk0CpgWdJ4++XX3aeOntI92ApEw==",
      "requires": {
        "tslib": "^1.9.0"
      }
    },
    "tslib": {
      "version": "1.10.0",
      "resolved": "https://registry.npmjs.org/tslib/-/tslib-1.10.0.tgz",
      "integrity": "sha512-qOebF53frne81cf0S9B41ByenJ3/IuH8yJKngAX35CmiZySA0khhkovshKK+jGCaMnVomla7gVlIcc3EvKPbTQ=="
    }
  }
}
